
Microsoft Visual Studio Solution File, Format Version 12.00
# Visual Studio 2013
VisualStudioVersion = 12.0.40629.0
MinimumVisualStudioVersion = 10.0.40219.1
Project("{FAE04EC0-301F-11D3-BF4B-00C04F79EFBC}") = "nextInteger", "nextInteger\nextInteger.csproj", "{1B672190-E58E-4557-A0ED-62ADC22D0406}"
EndProject
Global
	GlobalSection(SolutionConfigurationPlatforms) = preSolution
		Debug|Any CPU = Debug|Any CPU
		Release|Any CPU = Release|Any CPU
	EndGlobalSection
	GlobalSection(ProjectConfigurationPlatforms) = postSolution
		{1B672190-E58E-4557-A0ED-62ADC22D0406}.Debug|Any CPU.ActiveCfg = Debug|Any CPU
		{1B672190-E58E-4557-A0ED-62ADC22D0406}.Debug|Any CPU.Build.0 = Debug|Any CPU
		{1B672190-E58E-4557-A0ED-62ADC22D0406}.Release|Any CPU.ActiveCfg = Release|Any CPU
		{1B672190-E58E-4557-A0ED-62ADC22D0406}.Release|Any CPU.Build.0 = Release|Any CPU
	EndGlobalSection
	GlobalSection(SolutionProperties) = preSolution
		HideSolutionNode = FALSE
	EndGlobalSection
EndGlobal
